
Microsoft Visual Studio Solution File, Format Version 12.00
# Visual Studio Version 16
VisualStudioVersion = 16.0.29025.244
MinimumVisualStudioVersion = 10.0.40219.1
Project("{FAE04EC0-301F-11D3-BF4B-00C04F79EFBC}") = "TARichardsonProject1", "TARichardsonProject1\TARichardsonProject1.csproj", "{5C3BB211-D45D-45E9-B4AB-92200636ACBF}"
EndProject
Project("{FAE04EC0-301F-11D3-BF4B-00C04F79EFBC}") = "Utility", "Utility\Utility.csproj", "{000121B5-B311-4161-975B-3ACA746BF84E}"
EndProject
Project("{2150E333-8FDC-42A3-9474-1A3956D46DE8}") = "Solution Items", "Solution Items", "{359B94E2-6DCF-4882-ACBB-9D68EBA6410E}"
	ProjectSection(SolutionItems) = preProject
		.gitignore = .gitignore
	EndProjectSection
EndProject
Global
	GlobalSection(SolutionConfigurationPlatforms) = preSolution
		Debug|Any CPU = Debug|Any CPU
		Release|Any CPU = Release|Any CPU
	EndGlobalSection
	GlobalSection(ProjectConfigurationPlatforms) = postSolution
		{5C3BB211-D45D-45E9-B4AB-92200636ACBF}.Debug|Any CPU.ActiveCfg = Debug|Any CPU
		{5C3BB211-D45D-45E9-B4AB-92200636ACBF}.Debug|Any CPU.Build.0 = Debug|Any CPU
		{5C3BB211-D45D-45E9-B4AB-92200636ACBF}.Release|Any CPU.ActiveCfg = Release|Any CPU
		{5C3BB211-D45D-45E9-B4AB-92200636ACBF}.Release|Any CPU.Build.0 = Release|Any CPU
		{000121B5-B311-4161-975B-3ACA746BF84E}.Debug|Any CPU.ActiveCfg = Debug|Any CPU
		{000121B5-B311-4161-975B-3ACA746BF84E}.Debug|Any CPU.Build.0 = Debug|Any CPU
		{000121B5-B311-4161-975B-3ACA746BF84E}.Release|Any CPU.ActiveCfg = Release|Any CPU
		{000121B5-B311-4161-975B-3ACA746BF84E}.Release|Any CPU.Build.0 = Release|Any CPU
	EndGlobalSection
	GlobalSection(SolutionProperties) = preSolution
		HideSolutionNode = FALSE
	EndGlobalSection
	GlobalSection(ExtensibilityGlobals) = postSolution
		SolutionGuid = {A91D89A9-4F75-47E4-A0BF-950163192371}
	EndGlobalSection
EndGlobal
